
Microsoft Visual Studio Solution File, Format Version 12.00
# Visual Studio 15
VisualStudioVersion = 15.0.27703.2035
MinimumVisualStudioVersion = 10.0.40219.1
Project("{9A19103F-16F7-4668-BE54-9A1E7A4F7556}") = "PaymentGateway.WebApi", "PaymentGateway.WebApi\PaymentGateway.WebApi.csproj", "{73DBDEAD-F185-45AA-8156-911D13D38C57}"
EndProject
Project("{9A19103F-16F7-4668-BE54-9A1E7A4F7556}") = "PaymentGateway.WebApi.Tests", "PaymentGateway.WebApi.Tests\PaymentGateway.WebApi.Tests.csproj", "{8FDEF464-A3C2-4546-B86C-2488046F1837}"
EndProject
Project("{9A19103F-16F7-4668-BE54-9A1E7A4F7556}") = "PaymentGateway.Domain", "PaymentGateway.Domain\PaymentGateway.Domain.csproj", "{3F49E08D-9BB8-4B08-8376-E2DC5638D942}"
EndProject
Project("{9A19103F-16F7-4668-BE54-9A1E7A4F7556}") = "PaymentGateway.AntifraudClient", "PaymentGateway.Antifraud\PaymentGateway.AntifraudClient.csproj", "{4A48883E-EF85-4C0B-91DB-2047EA2D7849}"
EndProject
Project("{9A19103F-16F7-4668-BE54-9A1E7A4F7556}") = "PaymentGateway.AcquirerClient", "PaymentGateway.Acquirer\PaymentGateway.AcquirerClient.csproj", "{DA6B49E2-8D5C-4ED3-901B-CAD98C79F791}"
EndProject
Project("{9A19103F-16F7-4668-BE54-9A1E7A4F7556}") = "Infrastructure.CrossCuting", "Infrastructure.CrossCuting\Infrastructure.CrossCuting.csproj", "{C5BD8E48-659E-46C3-94F8-2258F0731610}"
EndProject
Project("{9A19103F-16F7-4668-BE54-9A1E7A4F7556}") = "PaymentGateway.Infrastructure.Data", "PaymentGateway.Infrastructure.Data\PaymentGateway.Infrastructure.Data.csproj", "{CB595DDC-E187-4090-A8D0-60E96ABB0E3C}"
EndProject
Project("{9A19103F-16F7-4668-BE54-9A1E7A4F7556}") = "PaymentGateway.Application", "PaymentGateway.Application\PaymentGateway.Application.csproj", "{2A847AAB-F965-40D4-A595-4AAC70919C2F}"
EndProject
Project("{9A19103F-16F7-4668-BE54-9A1E7A4F7556}") = "PaymentGateway.Application.Tests", "PaymentGateway.Application.Tests\PaymentGateway.Application.Tests.csproj", "{BC38C508-1D2B-4CAA-9D78-6B027B57AC7D}"
EndProject
Project("{2150E333-8FDC-42A3-9474-1A3956D46DE8}") = "ACL", "ACL", "{C6F5C050-D94C-4C80-A9A4-B7B541018608}"
EndProject
Project("{2150E333-8FDC-42A3-9474-1A3956D46DE8}") = "Domain", "Domain", "{401EDEEA-0B7D-455E-AFB3-1C5CFA87D5B3}"
EndProject
Project("{2150E333-8FDC-42A3-9474-1A3956D46DE8}") = "Application", "Application", "{05A298D4-4534-4AE8-B7A0-54E0CBA4C6FB}"
EndProject
Project("{2150E333-8FDC-42A3-9474-1A3956D46DE8}") = "Tests", "Tests", "{BF9F1283-BACE-4039-945E-BA10D9225C04}"
EndProject
Project("{2150E333-8FDC-42A3-9474-1A3956D46DE8}") = "Infrastructure", "Infrastructure", "{4FFFAE79-2197-4357-8431-B96F250EE402}"
EndProject
Project("{FAE04EC0-301F-11D3-BF4B-00C04F79EFBC}") = "PaymentGateway.ACL.Tests", "PaymentGateway.ACL.Tests\PaymentGateway.ACL.Tests.csproj", "{23AF9C6E-79E2-40B6-B556-98B57FAA97CD}"
EndProject
Project("{FAE04EC0-301F-11D3-BF4B-00C04F79EFBC}") = "PaymentGateway.Domain.Tests", "PaymentGateway.Domain.Tests\PaymentGateway.Domain.Tests.csproj", "{1ECB3D65-127A-4A01-9B10-49F8D5F94E02}"
EndProject
Global
	GlobalSection(SolutionConfigurationPlatforms) = preSolution
		Debug|Any CPU = Debug|Any CPU
		Release|Any CPU = Release|Any CPU
	EndGlobalSection
	GlobalSection(ProjectConfigurationPlatforms) = postSolution
		{73DBDEAD-F185-45AA-8156-911D13D38C57}.Debug|Any CPU.ActiveCfg = Debug|Any CPU
		{73DBDEAD-F185-45AA-8156-911D13D38C57}.Debug|Any CPU.Build.0 = Debug|Any CPU
		{73DBDEAD-F185-45AA-8156-911D13D38C57}.Release|Any CPU.ActiveCfg = Release|Any CPU
		{73DBDEAD-F185-45AA-8156-911D13D38C57}.Release|Any CPU.Build.0 = Release|Any CPU
		{8FDEF464-A3C2-4546-B86C-2488046F1837}.Debug|Any CPU.ActiveCfg = Debug|Any CPU
		{8FDEF464-A3C2-4546-B86C-2488046F1837}.Debug|Any CPU.Build.0 = Debug|Any CPU
		{8FDEF464-A3C2-4546-B86C-2488046F1837}.Release|Any CPU.ActiveCfg = Release|Any CPU
		{8FDEF464-A3C2-4546-B86C-2488046F1837}.Release|Any CPU.Build.0 = Release|Any CPU
		{3F49E08D-9BB8-4B08-8376-E2DC5638D942}.Debug|Any CPU.ActiveCfg = Debug|Any CPU
		{3F49E08D-9BB8-4B08-8376-E2DC5638D942}.Debug|Any CPU.Build.0 = Debug|Any CPU
		{3F49E08D-9BB8-4B08-8376-E2DC5638D942}.Release|Any CPU.ActiveCfg = Release|Any CPU
		{3F49E08D-9BB8-4B08-8376-E2DC5638D942}.Release|Any CPU.Build.0 = Release|Any CPU
		{4A48883E-EF85-4C0B-91DB-2047EA2D7849}.Debug|Any CPU.ActiveCfg = Debug|Any CPU
		{4A48883E-EF85-4C0B-91DB-2047EA2D7849}.Debug|Any CPU.Build.0 = Debug|Any CPU
		{4A48883E-EF85-4C0B-91DB-2047EA2D7849}.Release|Any CPU.ActiveCfg = Release|Any CPU
		{4A48883E-EF85-4C0B-91DB-2047EA2D7849}.Release|Any CPU.Build.0 = Release|Any CPU
		{DA6B49E2-8D5C-4ED3-901B-CAD98C79F791}.Debug|Any CPU.ActiveCfg = Debug|Any CPU
		{DA6B49E2-8D5C-4ED3-901B-CAD98C79F791}.Debug|Any CPU.Build.0 = Debug|Any CPU
		{DA6B49E2-8D5C-4ED3-901B-CAD98C79F791}.Release|Any CPU.ActiveCfg = Release|Any CPU
		{DA6B49E2-8D5C-4ED3-901B-CAD98C79F791}.Release|Any CPU.Build.0 = Release|Any CPU
		{C5BD8E48-659E-46C3-94F8-2258F0731610}.Debug|Any CPU.ActiveCfg = Debug|Any CPU
		{C5BD8E48-659E-46C3-94F8-2258F0731610}.Debug|Any CPU.Build.0 = Debug|Any CPU
		{C5BD8E48-659E-46C3-94F8-2258F0731610}.Release|Any CPU.ActiveCfg = Release|Any CPU
		{C5BD8E48-659E-46C3-94F8-2258F0731610}.Release|Any CPU.Build.0 = Release|Any CPU
		{CB595DDC-E187-4090-A8D0-60E96ABB0E3C}.Debug|Any CPU.ActiveCfg = Debug|Any CPU
		{CB595DDC-E187-4090-A8D0-60E96ABB0E3C}.Debug|Any CPU.Build.0 = Debug|Any CPU
		{CB595DDC-E187-4090-A8D0-60E96ABB0E3C}.Release|Any CPU.ActiveCfg = Release|Any CPU
		{CB595DDC-E187-4090-A8D0-60E96ABB0E3C}.Release|Any CPU.Build.0 = Release|Any CPU
		{2A847AAB-F965-40D4-A595-4AAC70919C2F}.Debug|Any CPU.ActiveCfg = Debug|Any CPU
		{2A847AAB-F965-40D4-A595-4AAC70919C2F}.Debug|Any CPU.Build.0 = Debug|Any CPU
		{2A847AAB-F965-40D4-A595-4AAC70919C2F}.Release|Any CPU.ActiveCfg = Release|Any CPU
		{2A847AAB-F965-40D4-A595-4AAC70919C2F}.Release|Any CPU.Build.0 = Release|Any CPU
		{BC38C508-1D2B-4CAA-9D78-6B027B57AC7D}.Debug|Any CPU.ActiveCfg = Debug|Any CPU
		{BC38C508-1D2B-4CAA-9D78-6B027B57AC7D}.Debug|Any CPU.Build.0 = Debug|Any CPU
		{BC38C508-1D2B-4CAA-9D78-6B027B57AC7D}.Release|Any CPU.ActiveCfg = Release|Any CPU
		{BC38C508-1D2B-4CAA-9D78-6B027B57AC7D}.Release|Any CPU.Build.0 = Release|Any CPU
		{23AF9C6E-79E2-40B6-B556-98B57FAA97CD}.Debug|Any CPU.ActiveCfg = Debug|Any CPU
		{23AF9C6E-79E2-40B6-B556-98B57FAA97CD}.Debug|Any CPU.Build.0 = Debug|Any CPU
		{23AF9C6E-79E2-40B6-B556-98B57FAA97CD}.Release|Any CPU.ActiveCfg = Release|Any CPU
		{23AF9C6E-79E2-40B6-B556-98B57FAA97CD}.Release|Any CPU.Build.0 = Release|Any CPU
		{1ECB3D65-127A-4A01-9B10-49F8D5F94E02}.Debug|Any CPU.ActiveCfg = Debug|Any CPU
		{1ECB3D65-127A-4A01-9B10-49F8D5F94E02}.Debug|Any CPU.Build.0 = Debug|Any CPU
		{1ECB3D65-127A-4A01-9B10-49F8D5F94E02}.Release|Any CPU.ActiveCfg = Release|Any CPU
		{1ECB3D65-127A-4A01-9B10-49F8D5F94E02}.Release|Any CPU.Build.0 = Release|Any CPU
	EndGlobalSection
	GlobalSection(SolutionProperties) = preSolution
		HideSolutionNode = FALSE
	EndGlobalSection
	GlobalSection(NestedProjects) = preSolution
		{8FDEF464-A3C2-4546-B86C-2488046F1837} = {BF9F1283-BACE-4039-945E-BA10D9225C04}
		{3F49E08D-9BB8-4B08-8376-E2DC5638D942} = {401EDEEA-0B7D-455E-AFB3-1C5CFA87D5B3}
		{4A48883E-EF85-4C0B-91DB-2047EA2D7849} = {C6F5C050-D94C-4C80-A9A4-B7B541018608}
		{DA6B49E2-8D5C-4ED3-901B-CAD98C79F791} = {C6F5C050-D94C-4C80-A9A4-B7B541018608}
		{C5BD8E48-659E-46C3-94F8-2258F0731610} = {4FFFAE79-2197-4357-8431-B96F250EE402}
		{CB595DDC-E187-4090-A8D0-60E96ABB0E3C} = {4FFFAE79-2197-4357-8431-B96F250EE402}
		{2A847AAB-F965-40D4-A595-4AAC70919C2F} = {05A298D4-4534-4AE8-B7A0-54E0CBA4C6FB}
		{BC38C508-1D2B-4CAA-9D78-6B027B57AC7D} = {BF9F1283-BACE-4039-945E-BA10D9225C04}
		{23AF9C6E-79E2-40B6-B556-98B57FAA97CD} = {BF9F1283-BACE-4039-945E-BA10D9225C04}
		{1ECB3D65-127A-4A01-9B10-49F8D5F94E02} = {BF9F1283-BACE-4039-945E-BA10D9225C04}
	EndGlobalSection
	GlobalSection(ExtensibilityGlobals) = postSolution
		SolutionGuid = {0587B3E5-9BDA-4910-BB36-6076C84DB905}
	EndGlobalSection
EndGlobal
